
Microsoft Visual Studio Solution File, Format Version 12.00
# Visual Studio Version 16
VisualStudioVersion = 25.0.1706.9
MinimumVisualStudioVersion = 10.0.40219.1
Project("{FAE04EC0-301F-11D3-BF4B-00C04F79EFBC}") = "TimeTracker.App", "TimeTracker.App\TimeTracker.App.csproj", "{6B8F870C-BE52-4936-97FE-CE122E6D970A}"
EndProject
Project("{FAE04EC0-301F-11D3-BF4B-00C04F79EFBC}") = "TimeTracker.Domain", "TimeTracker.Domain\TimeTracker.Domain.csproj", "{643C0A70-B0D3-4C3C-91CD-AAFFBB158C16}"
EndProject
Project("{FAE04EC0-301F-11D3-BF4B-00C04F79EFBC}") = "TimeTracker.Helpers", "TimeTracker.Helpers\TimeTracker.Helpers.csproj", "{74BDB406-D296-4717-A885-6FC13844C078}"
EndProject
Project("{FAE04EC0-301F-11D3-BF4B-00C04F79EFBC}") = "TimeTracker.Services", "TimeTracker.Services\TimeTracker.Services.csproj", "{9BEFE161-6AFE-46B8-83C1-57C70ADEE51E}"
EndProject
Project("{FAE04EC0-301F-11D3-BF4B-00C04F79EFBC}") = "TimeTracker.Repository", "TimeTracker.Repository\TimeTracker.Repository.csproj", "{2ECCB892-6A61-4EE6-B9F1-EA2005FD9B62}"
EndProject
Global
	GlobalSection(SolutionConfigurationPlatforms) = preSolution
		Debug|Any CPU = Debug|Any CPU
		Release|Any CPU = Release|Any CPU
	EndGlobalSection
	GlobalSection(ProjectConfigurationPlatforms) = postSolution
		{6B8F870C-BE52-4936-97FE-CE122E6D970A}.Debug|Any CPU.ActiveCfg = Debug|Any CPU
		{6B8F870C-BE52-4936-97FE-CE122E6D970A}.Debug|Any CPU.Build.0 = Debug|Any CPU
		{6B8F870C-BE52-4936-97FE-CE122E6D970A}.Release|Any CPU.ActiveCfg = Release|Any CPU
		{6B8F870C-BE52-4936-97FE-CE122E6D970A}.Release|Any CPU.Build.0 = Release|Any CPU
		{643C0A70-B0D3-4C3C-91CD-AAFFBB158C16}.Debug|Any CPU.ActiveCfg = Debug|Any CPU
		{643C0A70-B0D3-4C3C-91CD-AAFFBB158C16}.Debug|Any CPU.Build.0 = Debug|Any CPU
		{643C0A70-B0D3-4C3C-91CD-AAFFBB158C16}.Release|Any CPU.ActiveCfg = Release|Any CPU
		{643C0A70-B0D3-4C3C-91CD-AAFFBB158C16}.Release|Any CPU.Build.0 = Release|Any CPU
		{74BDB406-D296-4717-A885-6FC13844C078}.Debug|Any CPU.ActiveCfg = Debug|Any CPU
		{74BDB406-D296-4717-A885-6FC13844C078}.Debug|Any CPU.Build.0 = Debug|Any CPU
		{74BDB406-D296-4717-A885-6FC13844C078}.Release|Any CPU.ActiveCfg = Release|Any CPU
		{74BDB406-D296-4717-A885-6FC13844C078}.Release|Any CPU.Build.0 = Release|Any CPU
		{9BEFE161-6AFE-46B8-83C1-57C70ADEE51E}.Debug|Any CPU.ActiveCfg = Debug|Any CPU
		{9BEFE161-6AFE-46B8-83C1-57C70ADEE51E}.Debug|Any CPU.Build.0 = Debug|Any CPU
		{9BEFE161-6AFE-46B8-83C1-57C70ADEE51E}.Release|Any CPU.ActiveCfg = Release|Any CPU
		{9BEFE161-6AFE-46B8-83C1-57C70ADEE51E}.Release|Any CPU.Build.0 = Release|Any CPU
		{2ECCB892-6A61-4EE6-B9F1-EA2005FD9B62}.Debug|Any CPU.ActiveCfg = Debug|Any CPU
		{2ECCB892-6A61-4EE6-B9F1-EA2005FD9B62}.Debug|Any CPU.Build.0 = Debug|Any CPU
		{2ECCB892-6A61-4EE6-B9F1-EA2005FD9B62}.Release|Any CPU.ActiveCfg = Release|Any CPU
		{2ECCB892-6A61-4EE6-B9F1-EA2005FD9B62}.Release|Any CPU.Build.0 = Release|Any CPU
	EndGlobalSection
	GlobalSection(SolutionProperties) = preSolution
		HideSolutionNode = FALSE
	EndGlobalSection
	GlobalSection(ExtensibilityGlobals) = postSolution
		SolutionGuid = {C4C1FEED-8687-4AF7-AA90-D292A789285F}
	EndGlobalSection
EndGlobal
